
Microsoft Visual Studio Solution File, Format Version 12.00
Project("{FAE04EC0-301F-11D3-BF4B-00C04F79EFBC}") = "CS2StratRoulette", "CS2StratRoulette\CS2StratRoulette.csproj", "{38C98CC6-41E3-4F78-9102-E1D388722718}"
EndProject
Global
	GlobalSection(SolutionConfigurationPlatforms) = preSolution
		Debug|Any CPU = Debug|Any CPU
		Release|Any CPU = Release|Any CPU
	EndGlobalSection
	GlobalSection(ProjectConfigurationPlatforms) = postSolution
		{38C98CC6-41E3-4F78-9102-E1D388722718}.Debug|Any CPU.ActiveCfg = Debug|Any CPU
		{38C98CC6-41E3-4F78-9102-E1D388722718}.Debug|Any CPU.Build.0 = Debug|Any CPU
		{38C98CC6-41E3-4F78-9102-E1D388722718}.Release|Any CPU.ActiveCfg = Release|Any CPU
		{38C98CC6-41E3-4F78-9102-E1D388722718}.Release|Any CPU.Build.0 = Release|Any CPU
	EndGlobalSection
EndGlobal
